
Microsoft Visual Studio Solution File, Format Version 12.00
# Visual Studio Version 16
VisualStudioVersion = 16.0.30114.105
MinimumVisualStudioVersion = 10.0.40219.1
Project("{9A19103F-16F7-4668-BE54-9A1E7A4F7556}") = "AtCoderFollowees.Core", "AtCoderFollowees.Core\AtCoderFollowees.Core.csproj", "{B892D0C7-7A88-4272-85A8-4EFB512C3C56}"
EndProject
Project("{FAE04EC0-301F-11D3-BF4B-00C04F79EFBC}") = "AtCoderFollowees.Test", "AtCoderFollowees.Test\AtCoderFollowees.Test.csproj", "{593BB967-092F-49D0-B8DA-11F888BE057D}"
EndProject
Global
	GlobalSection(SolutionConfigurationPlatforms) = preSolution
		Debug|Any CPU = Debug|Any CPU
		Release|Any CPU = Release|Any CPU
	EndGlobalSection
	GlobalSection(ProjectConfigurationPlatforms) = postSolution
		{B892D0C7-7A88-4272-85A8-4EFB512C3C56}.Debug|Any CPU.ActiveCfg = Debug|Any CPU
		{B892D0C7-7A88-4272-85A8-4EFB512C3C56}.Debug|Any CPU.Build.0 = Debug|Any CPU
		{B892D0C7-7A88-4272-85A8-4EFB512C3C56}.Release|Any CPU.ActiveCfg = Release|Any CPU
		{B892D0C7-7A88-4272-85A8-4EFB512C3C56}.Release|Any CPU.Build.0 = Release|Any CPU
		{593BB967-092F-49D0-B8DA-11F888BE057D}.Debug|Any CPU.ActiveCfg = Debug|Any CPU
		{593BB967-092F-49D0-B8DA-11F888BE057D}.Debug|Any CPU.Build.0 = Debug|Any CPU
		{593BB967-092F-49D0-B8DA-11F888BE057D}.Release|Any CPU.ActiveCfg = Release|Any CPU
		{593BB967-092F-49D0-B8DA-11F888BE057D}.Release|Any CPU.Build.0 = Release|Any CPU
	EndGlobalSection
	GlobalSection(SolutionProperties) = preSolution
		HideSolutionNode = FALSE
	EndGlobalSection
	GlobalSection(ExtensibilityGlobals) = postSolution
		SolutionGuid = {1E68E944-522F-4704-9F5C-DB0543B29480}
	EndGlobalSection
EndGlobal
